{
  "name": "test-folder",
  "lockfileVersion": 2,
  "requires": true,
  "packages": {
    "": {
      "dependencies": {
        "siveing-sharing": "^1.1.1"
      }
    },
    "node_modules/siveing-sharing": {
      "version": "1.1.1",
      "resolved": "https://registry.npmjs.org/siveing-sharing/-/siveing-sharing-1.1.1.tgz",
      "integrity": "sha512-4l13lgNW34TbWEaFvTwGLyR/dEV1On4QVhnSu3+x9eSRySqF4VXni/G8flHcdGhhKYQiniJSHYDI3jgZRX7SUA=="
    }
  },
  "dependencies": {
    "siveing-sharing": {
      "version": "1.1.1",
      "resolved": "https://registry.npmjs.org/siveing-sharing/-/siveing-sharing-1.1.1.tgz",
      "integrity": "sha512-4l13lgNW34TbWEaFvTwGLyR/dEV1On4QVhnSu3+x9eSRySqF4VXni/G8flHcdGhhKYQiniJSHYDI3jgZRX7SUA=="
    }
  }
}
